// !$*UTF8*$!
{
	archiveVersion = 1;
	classes = {
	};
	objectVersion = 46;
	objects = {

/* Begin PBXBuildFile section */
		401D354C1B42794500A68B12 /* AppDelegate.swift in Sources */ = {isa = PBXBuildFile; fileRef = 401D354B1B42794500A68B12 /* AppDelegate.swift */; };
		401D35511B42794500A68B12 /* Main.storyboard in Resources */ = {isa = PBXBuildFile; fileRef = 401D354F1B42794500A68B12 /* Main.storyboard */; };
		401D35531B42794500A68B12 /* Images.xcassets in Resources */ = {isa = PBXBuildFile; fileRef = 401D35521B42794500A68B12 /* Images.xcassets */; };
		401D35561B42794500A68B12 /* LaunchScreen.xib in Resources */ = {isa = PBXBuildFile; fileRef = 401D35541B42794500A68B12 /* LaunchScreen.xib */; };
		401D35621B42794600A68B12 /* DropitTests.swift in Sources */ = {isa = PBXBuildFile; fileRef = 401D35611B42794600A68B12 /* DropitTests.swift */; };
		401D356C1B427A4F00A68B12 /* DropitViewController.swift in Sources */ = {isa = PBXBuildFile; fileRef = 401D356B1B427A4F00A68B12 /* DropitViewController.swift */; };
		401D356E1B427C1F00A68B12 /* DropitView.swift in Sources */ = {isa = PBXBuildFile; fileRef = 401D356D1B427C1F00A68B12 /* DropitView.swift */; };
		403D95581B4291B600DAE478 /* DropitBehavior.swift in Sources */ = {isa = PBXBuildFile; fileRef = 403D95571B4291B600DAE478 /* DropitBehavior.swift */; };
/* End PBXBuildFile section */

/* Begin PBXContainerItemProxy section */
		401D355C1B42794600A68B12 /* PBXContainerItemProxy */ = {
			isa = PBXContainerItemProxy;
			containerPortal = 401D353E1B42794500A68B12 /* Project object */;
			proxyType = 1;
			remoteGlobalIDString = 401D35451B42794500A68B12;
			remoteInfo = Dropit;
		};
/* End PBXContainerItemProxy section */

/* Begin PBXFileReference section */
		401D35461B42794500A68B12 /* Dropit.app */ = {isa = PBXFileReference; explicitFileType = wrapper.application; includeInIndex = 0; path = Dropit.app; sourceTree = BUILT_PRODUCTS_DIR; };
		401D354A1B42794500A68B12 /* Info.plist */ = {isa = PBXFileReference; lastKnownFileType = text.plist.xml; path = Info.plist; sourceTree = "<group>"; };
		401D354B1B42794500A68B12 /* AppDelegate.swift */ = {isa = PBXFileReference; lastKnownFileType = sourcecode.swift; path = AppDelegate.swift; sourceTree = "<group>"; };
		401D35501B42794500A68B12 /* Base */ = {isa = PBXFileReference; lastKnownFileType = file.storyboard; name = Base; path = Base.lproj/Main.storyboard; sourceTree = "<group>"; };
		401D35521B42794500A68B12 /* Images.xcassets */ = {isa = PBXFileReference; lastKnownFileType = folder.assetcatalog; path = Images.xcassets; sourceTree = "<group>"; };
		401D35551B42794500A68B12 /* Base */ = {isa = PBXFileReference; lastKnownFileType = file.xib; name = Base; path = Base.lproj/LaunchScreen.xib; sourceTree = "<group>"; };
		401D355B1B42794600A68B12 /* DropitTests.xctest */ = {isa = PBXFileReference; explicitFileType = wrapper.cfbundle; includeInIndex = 0; path = DropitTests.xctest; sourceTree = BUILT_PRODUCTS_DIR; };
		401D35601B42794600A68B12 /* Info.plist */ = {isa = PBXFileReference; lastKnownFileType = text.plist.xml; path = Info.plist; sourceTree = "<group>"; };
		401D35611B42794600A68B12 /* DropitTests.swift */ = {isa = PBXFileReference; lastKnownFileType = sourcecode.swift; path = DropitTests.swift; sourceTree = "<group>"; };
		401D356B1B427A4F00A68B12 /* DropitViewController.swift */ = {isa = PBXFileReference; fileEncoding = 4; lastKnownFileType = sourcecode.swift; path = DropitViewController.swift; sourceTree = "<group>"; };
		401D356D1B427C1F00A68B12 /* DropitView.swift */ = {isa = PBXFileReference; fileEncoding = 4; lastKnownFileType = sourcecode.swift; path = DropitView.swift; sourceTree = "<group>"; };
		403D95571B4291B600DAE478 /* DropitBehavior.swift */ = {isa = PBXFileReference; fileEncoding = 4; lastKnownFileType = sourcecode.swift; path = DropitBehavior.swift; sourceTree = "<group>"; };
/* End PBXFileReference section */

/* Begin PBXFrameworksBuildPhase section */
		401D35431B42794500A68B12 /* Frameworks */ = {
			isa = PBXFrameworksBuildPhase;
			buildActionMask = 2147483647;
			files = (
			);
			runOnlyForDeploymentPostprocessing = 0;
		};
		401D35581B42794600A68B12 /* Frameworks */ = {
			isa = PBXFrameworksBuildPhase;
			buildActionMask = 2147483647;
			files = (
			);
			runOnlyForDeploymentPostprocessing = 0;
		};
/* End PBXFrameworksBuildPhase section */

/* Begin PBXGroup section */
		401D353D1B42794500A68B12 = {
			isa = PBXGroup;
			children = (
				401D35481B42794500A68B12 /* Dropit */,
				401D355E1B42794600A68B12 /* DropitTests */,
				401D35471B42794500A68B12 /* Products */,
			);
			sourceTree = "<group>";
		};
		401D35471B42794500A68B12 /* Products */ = {
			isa = PBXGroup;
			children = (
				401D35461B42794500A68B12 /* Dropit.app */,
				401D355B1B42794600A68B12 /* DropitTests.xctest */,
			);
			name = Products;
			sourceTree = "<group>";
		};
		401D35481B42794500A68B12 /* Dropit */ = {
			isa = PBXGroup;
			children = (
				401D354F1B42794500A68B12 /* Main.storyboard */,
				401D356B1B427A4F00A68B12 /* DropitViewController.swift */,
				401D356D1B427C1F00A68B12 /* DropitView.swift */,
				403D95571B4291B600DAE478 /* DropitBehavior.swift */,
				401D35491B42794500A68B12 /* Supporting Files */,
			);
			path = Dropit;
			sourceTree = "<group>";
		};
		401D35491B42794500A68B12 /* Supporting Files */ = {
			isa = PBXGroup;
			children = (
				401D354B1B42794500A68B12 /* AppDelegate.swift */,
				401D35521B42794500A68B12 /* Images.xcassets */,
				401D35541B42794500A68B12 /* LaunchScreen.xib */,
				401D354A1B42794500A68B12 /* Info.plist */,
			);
			name = "Supporting Files";
			sourceTree = "<group>";
		};
		401D355E1B42794600A68B12 /* DropitTests */ = {
			isa = PBXGroup;
			children = (
				401D35611B42794600A68B12 /* DropitTests.swift */,
				401D355F1B42794600A68B12 /* Supporting Files */,
			);
			path = DropitTests;
			sourceTree = "<group>";
		};
		401D355F1B42794600A68B12 /* Supporting Files */ = {
			isa = PBXGroup;
			children = (
				401D35601B42794600A68B12 /* Info.plist */,
			);
			name = "Supporting Files";
			sourceTree = "<group>";
		};
/* End PBXGroup section */

/* Begin PBXNativeTarget section */
		401D35451B42794500A68B12 /* Dropit */ = {
			isa = PBXNativeTarget;
			buildConfigurationList = 401D35651B42794600A68B12 /* Build configuration list for PBXNativeTarget "Dropit" */;
			buildPhases = (
				401D35421B42794500A68B12 /* Sources */,
				401D35431B42794500A68B12 /* Frameworks */,
				401D35441B42794500A68B12 /* Resources */,
			);
			buildRules = (
			);
			dependencies = (
			);
			name = Dropit;
			productName = Dropit;
			productReference = 401D35461B42794500A68B12 /* Dropit.app */;
			productType = "com.apple.product-type.application";
		};
		401D355A1B42794600A68B12 /* DropitTests */ = {
			isa = PBXNativeTarget;
			buildConfigurationList = 401D35681B42794600A68B12 /* Build configuration list for PBXNativeTarget "DropitTests" */;
			buildPhases = (
				401D35571B42794600A68B12 /* Sources */,
				401D35581B42794600A68B12 /* Frameworks */,
				401D35591B42794600A68B12 /* Resources */,
			);
			buildRules = (
			);
			dependencies = (
				401D355D1B42794600A68B12 /* PBXTargetDependency */,
			);
			name = DropitTests;
			productName = DropitTests;
			productReference = 401D355B1B42794600A68B12 /* DropitTests.xctest */;
			productType = "com.apple.product-type.bundle.unit-test";
		};
/* End PBXNativeTarget section */

/* Begin PBXProject section */
		401D353E1B42794500A68B12 /* Project object */ = {
			isa = PBXProject;
			attributes = {
				LastUpgradeCheck = 0630;
				ORGANIZATIONNAME = liubin;
				TargetAttributes = {
					401D35451B42794500A68B12 = {
						CreatedOnToolsVersion = 6.3.2;
					};
					401D355A1B42794600A68B12 = {
						CreatedOnToolsVersion = 6.3.2;
						TestTargetID = 401D35451B42794500A68B12;
					};
				};
			};
			buildConfigurationList = 401D35411B42794500A68B12 /* Build configuration list for PBXProject "Dropit" */;
			compatibilityVersion = "Xcode 3.2";
			developmentRegion = English;
			hasScannedForEncodings = 0;
			knownRegions = (
				en,
				Base,
			);
			mainGroup = 401D353D1B42794500A68B12;
			productRefGroup = 401D35471B42794500A68B12 /* Products */;
			projectDirPath = "";
			projectRoot = "";
			targets = (
				401D35451B42794500A68B12 /* Dropit */,
				401D355A1B42794600A68B12 /* DropitTests */,
			);
		};
/* End PBXProject section */

/* Begin PBXResourcesBuildPhase section */
		401D35441B42794500A68B12 /* Resources */ = {
			isa = PBXResourcesBuildPhase;
			buildActionMask = 2147483647;
			files = (
				401D35511B42794500A68B12 /* Main.storyboard in Resources */,
				401D35561B42794500A68B12 /* LaunchScreen.xib in Resources */,
				401D35531B42794500A68B12 /* Images.xcassets in Resources */,
			);
			runOnlyForDeploymentPostprocessing = 0;
		};
		401D35591B42794600A68B12 /* Resources */ = {
			isa = PBXResourcesBuildPhase;
			buildActionMask = 2147483647;
			files = (
			);
			runOnlyForDeploymentPostprocessing = 0;
		};
/* End PBXResourcesBuildPhase section */

/* Begin PBXSourcesBuildPhase section */
		401D35421B42794500A68B12 /* Sources */ = {
			isa = PBXSourcesBuildPhase;
			buildActionMask = 2147483647;
			files = (
				401D356C1B427A4F00A68B12 /* DropitViewController.swift in Sources */,
				403D95581B4291B600DAE478 /* DropitBehavior.swift in Sources */,
				401D356E1B427C1F00A68B12 /* DropitView.swift in Sources */,
				401D354C1B42794500A68B12 /* AppDelegate.swift in Sources */,
			);
			runOnlyForDeploymentPostprocessing = 0;
		};
		401D35571B42794600A68B12 /* Sources */ = {
			isa = PBXSourcesBuildPhase;
			buildActionMask = 2147483647;
			files = (
				401D35621B42794600A68B12 /* DropitTests.swift in Sources */,
			);
			runOnlyForDeploymentPostprocessing = 0;
		};
/* End PBXSourcesBuildPhase section */

/* Begin PBXTargetDependency section */
		401D355D1B42794600A68B12 /* PBXTargetDependency */ = {
			isa = PBXTargetDependency;
			target = 401D35451B42794500A68B12 /* Dropit */;
			targetProxy = 401D355C1B42794600A68B12 /* PBXContainerItemProxy */;
		};
/* End PBXTargetDependency section */

/* Begin PBXVariantGroup section */
		401D354F1B42794500A68B12 /* Main.storyboard */ = {
			isa = PBXVariantGroup;
			children = (
				401D35501B42794500A68B12 /* Base */,
			);
			name = Main.storyboard;
			sourceTree = "<group>";
		};
		401D35541B42794500A68B12 /* LaunchScreen.xib */ = {
			isa = PBXVariantGroup;
			children = (
				401D35551B42794500A68B12 /* Base */,
			);
			name = LaunchScreen.xib;
			sourceTree = "<group>";
		};
/* End PBXVariantGroup section */

/* Begin XCBuildConfiguration section */
		401D35631B42794600A68B12 /* Debug */ = {
			isa = XCBuildConfiguration;
			buildSettings = {
				ALWAYS_SEARCH_USER_PATHS = NO;
				CLANG_CXX_LANGUAGE_STANDARD = "gnu++0x";
				CLANG_CXX_LIBRARY = "libc++";
				CLANG_ENABLE_MODULES = YES;
				CLANG_ENABLE_OBJC_ARC = YES;
				CLANG_WARN_BOOL_CONVERSION = YES;
				CLANG_WARN_CONSTANT_CONVERSION = YES;
				CLANG_WARN_DIRECT_OBJC_ISA_USAGE = YES_ERROR;
				CLANG_WARN_EMPTY_BODY = YES;
				CLANG_WARN_ENUM_CONVERSION = YES;
				CLANG_WARN_INT_CONVERSION = YES;
				CLANG_WARN_OBJC_ROOT_CLASS = YES_ERROR;
				CLANG_WARN_UNREACHABLE_CODE = YES;
				CLANG_WARN__DUPLICATE_METHOD_MATCH = YES;
				"CODE_SIGN_IDENTITY[sdk=iphoneos*]" = "iPhone Developer";
				COPY_PHASE_STRIP = NO;
				DEBUG_INFORMATION_FORMAT = "dwarf-with-dsym";
				ENABLE_STRICT_OBJC_MSGSEND = YES;
				GCC_C_LANGUAGE_STANDARD = gnu99;
				GCC_DYNAMIC_NO_PIC = NO;
				GCC_NO_COMMON_BLOCKS = YES;
				GCC_OPTIMIZATION_LEVEL = 0;
				GCC_PREPROCESSOR_DEFINITIONS = (
					"DEBUG=1",
					"$(inherited)",
				);
				GCC_SYMBOLS_PRIVATE_EXTERN = NO;
				GCC_WARN_64_TO_32_BIT_CONVERSION = YES;
				GCC_WARN_ABOUT_RETURN_TYPE = YES_ERROR;
				GCC_WARN_UNDECLARED_SELECTOR = YES;
				GCC_WARN_UNINITIALIZED_AUTOS = YES_AGGRESSIVE;
				GCC_WARN_UNUSED_FUNCTION = YES;
				GCC_WARN_UNUSED_VARIABLE = YES;
				IPHONEOS_DEPLOYMENT_TARGET = 8.3;
				MTL_ENABLE_DEBUG_INFO = YES;
				ONLY_ACTIVE_ARCH = YES;
				SDKROOT = iphoneos;
				SWIFT_OPTIMIZATION_LEVEL = "-Onone";
				TARGETED_DEVICE_FAMILY = "1,2";
			};
			name = Debug;
		};
		401D35641B42794600A68B12 /* Release */ = {
			isa = XCBuildConfiguration;
			buildSettings = {
				ALWAYS_SEARCH_USER_PATHS = NO;
				CLANG_CXX_LANGUAGE_STANDARD = "gnu++0x";
				CLANG_CXX_LIBRARY = "libc++";
				CLANG_ENABLE_MODULES = YES;
				CLANG_ENABLE_OBJC_ARC = YES;
				CLANG_WARN_BOOL_CONVERSION = YES;
				CLANG_WARN_CONSTANT_CONVERSION = YES;
				CLANG_WARN_DIRECT_OBJC_ISA_USAGE = YES_ERROR;
				CLANG_WARN_EMPTY_BODY = YES;
				CLANG_WARN_ENUM_CONVERSION = YES;
				CLANG_WARN_INT_CONVERSION = YES;
				CLANG_WARN_OBJC_ROOT_CLASS = YES_ERROR;
				CLANG_WARN_UNREACHABLE_CODE = YES;
				CLANG_WARN__DUPLICATE_METHOD_MATCH = YES;
				"CODE_SIGN_IDENTITY[sdk=iphoneos*]" = "iPhone Developer";
				COPY_PHASE_STRIP = NO;
				DEBUG_INFORMATION_FORMAT = "dwarf-with-dsym";
				ENABLE_NS_ASSERTIONS = NO;
				ENABLE_STRICT_OBJC_MSGSEND = YES;
				GCC_C_LANGUAGE_STANDARD = gnu99;
				GCC_NO_COMMON_BLOCKS = YES;
				GCC_WARN_64_TO_32_BIT_CONVERSION = YES;
				GCC_WARN_ABOUT_RETURN_TYPE = YES_ERROR;
				GCC_WARN_UNDECLARED_SELECTOR = YES;
				GCC_WARN_UNINITIALIZED_AUTOS = YES_AGGRESSIVE;
				GCC_WARN_UNUSED_FUNCTION = YES;
				GCC_WARN_UNUSED_VARIABLE = YES;
				IPHONEOS_DEPLOYMENT_TARGET = 8.3;
				MTL_ENABLE_DEBUG_INFO = NO;
				SDKROOT = iphoneos;
				TARGETED_DEVICE_FAMILY = "1,2";
				VALIDATE_PRODUCT = YES;
			};
			name = Release;
		};
		401D35661B42794600A68B12 /* Debug */ = {
			isa = XCBuildConfiguration;
			buildSettings = {
				ASSETCATALOG_COMPILER_APPICON_NAME = AppIcon;
				INFOPLIST_FILE = Dropit/Info.plist;
				LD_RUNPATH_SEARCH_PATHS = "$(inherited) @executable_path/Frameworks";
				PRODUCT_NAME = "$(TARGET_NAME)";
			};
			name = Debug;
		};
		401D35671B42794600A68B12 /* Release */ = {
			isa = XCBuildConfiguration;
			buildSettings = {
				ASSETCATALOG_COMPILER_APPICON_NAME = AppIcon;
				INFOPLIST_FILE = Dropit/Info.plist;
				LD_RUNPATH_SEARCH_PATHS = "$(inherited) @executable_path/Frameworks";
				PRODUCT_NAME = "$(TARGET_NAME)";
			};
			name = Release;
		};
		401D35691B42794600A68B12 /* Debug */ = {
			isa = XCBuildConfiguration;
			buildSettings = {
				BUNDLE_LOADER = "$(TEST_HOST)";
				FRAMEWORK_SEARCH_PATHS = (
					"$(SDKROOT)/Developer/Library/Frameworks",
					"$(inherited)",
				);
				GCC_PREPROCESSOR_DEFINITIONS = (
					"DEBUG=1",
					"$(inherited)",
				);
				INFOPLIST_FILE = DropitTests/Info.plist;
				LD_RUNPATH_SEARCH_PATHS = "$(inherited) @executable_path/Frameworks @loader_path/Frameworks";
				PRODUCT_NAME = "$(TARGET_NAME)";
				TEST_HOST = "$(BUILT_PRODUCTS_DIR)/Dropit.app/Dropit";
			};
			name = Debug;
		};
		401D356A1B42794600A68B12 /* Release */ = {
			isa = XCBuildConfiguration;
			buildSettings = {
				BUNDLE_LOADER = "$(TEST_HOST)";
				FRAMEWORK_SEARCH_PATHS = (
					"$(SDKROOT)/Developer/Library/Frameworks",
					"$(inherited)",
				);
				INFOPLIST_FILE = DropitTests/Info.plist;
				LD_RUNPATH_SEARCH_PATHS = "$(inherited) @executable_path/Frameworks @loader_path/Frameworks";
				PRODUCT_NAME = "$(TARGET_NAME)";
				TEST_HOST = "$(BUILT_PRODUCTS_DIR)/Dropit.app/Dropit";
			};
			name = Release;
		};
/* End XCBuildConfiguration section */

/* Begin XCConfigurationList section */
		401D35411B42794500A68B12 /* Build configuration list for PBXProject "Dropit" */ = {
			isa = XCConfigurationList;
			buildConfigurations = (
				401D35631B42794600A68B12 /* Debug */,
				401D35641B42794600A68B12 /* Release */,
			);
			defaultConfigurationIsVisible = 0;
			defaultConfigurationName = Release;
		};
		401D35651B42794600A68B12 /* Build configuration list for PBXNativeTarget "Dropit" */ = {
			isa = XCConfigurationList;
			buildConfigurations = (
				401D35661B42794600A68B12 /* Debug */,
				401D35671B42794600A68B12 /* Release */,
			);
			defaultConfigurationIsVisible = 0;
			defaultConfigurationName = Release;
		};
		401D35681B42794600A68B12 /* Build configuration list for PBXNativeTarget "DropitTests" */ = {
			isa = XCConfigurationList;
			buildConfigurations = (
				401D35691B42794600A68B12 /* Debug */,
				401D356A1B42794600A68B12 /* Release */,
			);
			defaultConfigurationIsVisible = 0;
			defaultConfigurationName = Release;
		};
/* End XCConfigurationList section */
	};
	rootObject = 401D353E1B42794500A68B12 /* Project object */;
}
